
Microsoft Visual Studio Solution File, Format Version 12.00
# Visual Studio Version 17
VisualStudioVersion = 17.2.32630.192
MinimumVisualStudioVersion = 10.0.40219.1
Project("{FAE04EC0-301F-11D3-BF4B-00C04F79EFBC}") = "1 Asessed Project", "1 Asessed Project\1 Asessed Project.csproj", "{E42DFA67-E688-4340-9795-1366058DDB2B}"
EndProject
Global
	GlobalSection(SolutionConfigurationPlatforms) = preSolution
		Debug|Any CPU = Debug|Any CPU
		Release|Any CPU = Release|Any CPU
	EndGlobalSection
	GlobalSection(ProjectConfigurationPlatforms) = postSolution
		{E42DFA67-E688-4340-9795-1366058DDB2B}.Debug|Any CPU.ActiveCfg = Debug|Any CPU
		{E42DFA67-E688-4340-9795-1366058DDB2B}.Debug|Any CPU.Build.0 = Debug|Any CPU
		{E42DFA67-E688-4340-9795-1366058DDB2B}.Release|Any CPU.ActiveCfg = Release|Any CPU
		{E42DFA67-E688-4340-9795-1366058DDB2B}.Release|Any CPU.Build.0 = Release|Any CPU
	EndGlobalSection
	GlobalSection(SolutionProperties) = preSolution
		HideSolutionNode = FALSE
	EndGlobalSection
	GlobalSection(ExtensibilityGlobals) = postSolution
		SolutionGuid = {0B8FBD00-9D8C-47DD-AFFF-0EF8559E83C3}
	EndGlobalSection
EndGlobal
